
Microsoft Visual Studio Solution File, Format Version 12.00
# Visual Studio 14
VisualStudioVersion = 14.0.25420.1
MinimumVisualStudioVersion = 10.0.40219.1
Project("{FAE04EC0-301F-11D3-BF4B-00C04F79EFBC}") = "zopa", "zopa\zopa.csproj", "{3B036822-47FC-4135-B013-CDA53294275A}"
EndProject
Project("{FAE04EC0-301F-11D3-BF4B-00C04F79EFBC}") = "zopalib", "zopalib\zopalib.csproj", "{E333EB6B-9A94-48A6-AEB8-A21A478206F0}"
EndProject
Project("{FAE04EC0-301F-11D3-BF4B-00C04F79EFBC}") = "zopalibtests", "zopalibtests\zopalibtests.csproj", "{3C5BC182-23CE-4B24-A7B6-8D9A4BA7D4EA}"
EndProject
Global
	GlobalSection(SolutionConfigurationPlatforms) = preSolution
		Debug|Any CPU = Debug|Any CPU
		Release|Any CPU = Release|Any CPU
	EndGlobalSection
	GlobalSection(ProjectConfigurationPlatforms) = postSolution
		{3B036822-47FC-4135-B013-CDA53294275A}.Debug|Any CPU.ActiveCfg = Debug|Any CPU
		{3B036822-47FC-4135-B013-CDA53294275A}.Debug|Any CPU.Build.0 = Debug|Any CPU
		{3B036822-47FC-4135-B013-CDA53294275A}.Release|Any CPU.ActiveCfg = Release|Any CPU
		{3B036822-47FC-4135-B013-CDA53294275A}.Release|Any CPU.Build.0 = Release|Any CPU
		{E333EB6B-9A94-48A6-AEB8-A21A478206F0}.Debug|Any CPU.ActiveCfg = Debug|Any CPU
		{E333EB6B-9A94-48A6-AEB8-A21A478206F0}.Debug|Any CPU.Build.0 = Debug|Any CPU
		{E333EB6B-9A94-48A6-AEB8-A21A478206F0}.Release|Any CPU.ActiveCfg = Release|Any CPU
		{E333EB6B-9A94-48A6-AEB8-A21A478206F0}.Release|Any CPU.Build.0 = Release|Any CPU
		{3C5BC182-23CE-4B24-A7B6-8D9A4BA7D4EA}.Debug|Any CPU.ActiveCfg = Debug|Any CPU
		{3C5BC182-23CE-4B24-A7B6-8D9A4BA7D4EA}.Debug|Any CPU.Build.0 = Debug|Any CPU
		{3C5BC182-23CE-4B24-A7B6-8D9A4BA7D4EA}.Release|Any CPU.ActiveCfg = Release|Any CPU
		{3C5BC182-23CE-4B24-A7B6-8D9A4BA7D4EA}.Release|Any CPU.Build.0 = Release|Any CPU
	EndGlobalSection
	GlobalSection(SolutionProperties) = preSolution
		HideSolutionNode = FALSE
	EndGlobalSection
EndGlobal
